
Microsoft Visual Studio Solution File, Format Version 12.00
# Visual Studio Version 17
VisualStudioVersion = 17.11.35208.52
MinimumVisualStudioVersion = 10.0.40219.1
Project("{9A19103F-16F7-4668-BE54-9A1E7A4F7556}") = "Schuub.Delphi11", "Schuub.Delphi11\Schuub.Delphi11.csproj", "{A78DA926-7F36-43E2-AC0D-8D83BBD87610}"
EndProject
Project("{9A19103F-16F7-4668-BE54-9A1E7A4F7556}") = "Schuub.Delphi11.Tests", "Schuub.Delphi11.Tests\Schuub.Delphi11.Tests.csproj", "{904E7435-8906-4A0D-8FB2-B7CFDF1033D6}"
EndProject
Global
	GlobalSection(SolutionConfigurationPlatforms) = preSolution
		Debug|Any CPU = Debug|Any CPU
		Release|Any CPU = Release|Any CPU
	EndGlobalSection
	GlobalSection(ProjectConfigurationPlatforms) = postSolution
		{A78DA926-7F36-43E2-AC0D-8D83BBD87610}.Debug|Any CPU.ActiveCfg = Debug|Any CPU
		{A78DA926-7F36-43E2-AC0D-8D83BBD87610}.Debug|Any CPU.Build.0 = Debug|Any CPU
		{A78DA926-7F36-43E2-AC0D-8D83BBD87610}.Release|Any CPU.ActiveCfg = Release|Any CPU
		{A78DA926-7F36-43E2-AC0D-8D83BBD87610}.Release|Any CPU.Build.0 = Release|Any CPU
		{904E7435-8906-4A0D-8FB2-B7CFDF1033D6}.Debug|Any CPU.ActiveCfg = Debug|Any CPU
		{904E7435-8906-4A0D-8FB2-B7CFDF1033D6}.Debug|Any CPU.Build.0 = Debug|Any CPU
		{904E7435-8906-4A0D-8FB2-B7CFDF1033D6}.Release|Any CPU.ActiveCfg = Release|Any CPU
		{904E7435-8906-4A0D-8FB2-B7CFDF1033D6}.Release|Any CPU.Build.0 = Release|Any CPU
	EndGlobalSection
	GlobalSection(SolutionProperties) = preSolution
		HideSolutionNode = FALSE
	EndGlobalSection
	GlobalSection(ExtensibilityGlobals) = postSolution
		SolutionGuid = {7945B4A6-C2A5-4F7C-A1FC-EB8E215B48F5}
	EndGlobalSection
EndGlobal
